
Microsoft Visual Studio Solution File, Format Version 12.00
# Visual Studio Version 16
VisualStudioVersion = 16.0.31624.102
MinimumVisualStudioVersion = 10.0.40219.1
Project("{2150E333-8FDC-42A3-9474-1A3956D46DE8}") = "src", "src", "{25367893-164B-4FCF-8983-2F54C33FC584}"
EndProject
Project("{2150E333-8FDC-42A3-9474-1A3956D46DE8}") = "test", "test", "{88AB0309-53A4-442D-BEB3-B7C894B53BE0}"
EndProject
Project("{2150E333-8FDC-42A3-9474-1A3956D46DE8}") = "API", "API", "{01AF204A-4501-4FE0-9BC4-56660DECE8C2}"
EndProject
Project("{2150E333-8FDC-42A3-9474-1A3956D46DE8}") = "Core", "Core", "{C07EF12E-4A5E-4A2E-9686-AEAAEFE0A0FF}"
EndProject
Project("{2150E333-8FDC-42A3-9474-1A3956D46DE8}") = "Infrastructure", "Infrastructure", "{E9DDB427-B5F4-4F4E-A7E6-88A15E66EA9D}"
EndProject
Project("{2150E333-8FDC-42A3-9474-1A3956D46DE8}") = "UI", "UI", "{ABAAE423-81C8-4DC3-A824-7105BFE3B372}"
EndProject
Project("{9A19103F-16F7-4668-BE54-9A1E7A4F7556}") = "HR.LeaveManagement.Domain", "HR.LeaveManagement.Domain\HR.LeaveManagement.Domain.csproj", "{81498C3E-42E5-46A2-91A3-9FC54080E18E}"
EndProject
Project("{9A19103F-16F7-4668-BE54-9A1E7A4F7556}") = "HR.LeaveManagement.Application", "HR.LeaveManagement.Application\HR.LeaveManagement.Application.csproj", "{B7C7DD49-C895-48D1-8AC3-2E06EC2C466F}"
EndProject
Project("{9A19103F-16F7-4668-BE54-9A1E7A4F7556}") = "HR.LeaveManagement.Infrastructure", "HR.LeaveManagement.Infrastructure\HR.LeaveManagement.Infrastructure.csproj", "{F36D4A6E-A537-4CBA-BCCA-C9B25FA0A528}"
EndProject
Project("{9A19103F-16F7-4668-BE54-9A1E7A4F7556}") = "HR.LeaveManagement.Persistence", "HR.LeaveManagement.Persistence\HR.LeaveManagement.Persistence.csproj", "{DD930B93-FB5A-40EA-BC75-B153EADF1C10}"
EndProject
Project("{9A19103F-16F7-4668-BE54-9A1E7A4F7556}") = "HR.LeaveManagement.Api", "HR.LeaveManagement.Api\HR.LeaveManagement.Api.csproj", "{371A76B5-25A4-4C5B-87DB-E3A5EB6EBE5F}"
EndProject
Project("{9A19103F-16F7-4668-BE54-9A1E7A4F7556}") = "HR.LeaveManagement.Application.UnitTests", "HR.LeaveManagement.Application.UnitTests\HR.LeaveManagement.Application.UnitTests.csproj", "{457C5819-B379-45B3-906A-F8DC5F4F6275}"
EndProject
Project("{9A19103F-16F7-4668-BE54-9A1E7A4F7556}") = "HR.LeaveManagement.MVC", "HR.LeaveManagement.MVC\HR.LeaveManagement.MVC.csproj", "{EDB9125B-F88B-400B-BD6F-34A16530D343}"
EndProject
Project("{FAE04EC0-301F-11D3-BF4B-00C04F79EFBC}") = "HR.LeaveManagement.Identity", "HR.LeaveManagement.Identity\HR.LeaveManagement.Identity.csproj", "{BB0D20C3-7E3B-4D15-9078-5C6DD64E6BF7}"
EndProject
Global
	GlobalSection(SolutionConfigurationPlatforms) = preSolution
		Debug|Any CPU = Debug|Any CPU
		Release|Any CPU = Release|Any CPU
	EndGlobalSection
	GlobalSection(ProjectConfigurationPlatforms) = postSolution
		{81498C3E-42E5-46A2-91A3-9FC54080E18E}.Debug|Any CPU.ActiveCfg = Debug|Any CPU
		{81498C3E-42E5-46A2-91A3-9FC54080E18E}.Debug|Any CPU.Build.0 = Debug|Any CPU
		{81498C3E-42E5-46A2-91A3-9FC54080E18E}.Release|Any CPU.ActiveCfg = Release|Any CPU
		{81498C3E-42E5-46A2-91A3-9FC54080E18E}.Release|Any CPU.Build.0 = Release|Any CPU
		{B7C7DD49-C895-48D1-8AC3-2E06EC2C466F}.Debug|Any CPU.ActiveCfg = Debug|Any CPU
		{B7C7DD49-C895-48D1-8AC3-2E06EC2C466F}.Debug|Any CPU.Build.0 = Debug|Any CPU
		{B7C7DD49-C895-48D1-8AC3-2E06EC2C466F}.Release|Any CPU.ActiveCfg = Release|Any CPU
		{B7C7DD49-C895-48D1-8AC3-2E06EC2C466F}.Release|Any CPU.Build.0 = Release|Any CPU
		{F36D4A6E-A537-4CBA-BCCA-C9B25FA0A528}.Debug|Any CPU.ActiveCfg = Debug|Any CPU
		{F36D4A6E-A537-4CBA-BCCA-C9B25FA0A528}.Debug|Any CPU.Build.0 = Debug|Any CPU
		{F36D4A6E-A537-4CBA-BCCA-C9B25FA0A528}.Release|Any CPU.ActiveCfg = Release|Any CPU
		{F36D4A6E-A537-4CBA-BCCA-C9B25FA0A528}.Release|Any CPU.Build.0 = Release|Any CPU
		{DD930B93-FB5A-40EA-BC75-B153EADF1C10}.Debug|Any CPU.ActiveCfg = Debug|Any CPU
		{DD930B93-FB5A-40EA-BC75-B153EADF1C10}.Debug|Any CPU.Build.0 = Debug|Any CPU
		{DD930B93-FB5A-40EA-BC75-B153EADF1C10}.Release|Any CPU.ActiveCfg = Release|Any CPU
		{DD930B93-FB5A-40EA-BC75-B153EADF1C10}.Release|Any CPU.Build.0 = Release|Any CPU
		{371A76B5-25A4-4C5B-87DB-E3A5EB6EBE5F}.Debug|Any CPU.ActiveCfg = Debug|Any CPU
		{371A76B5-25A4-4C5B-87DB-E3A5EB6EBE5F}.Debug|Any CPU.Build.0 = Debug|Any CPU
		{371A76B5-25A4-4C5B-87DB-E3A5EB6EBE5F}.Release|Any CPU.ActiveCfg = Release|Any CPU
		{371A76B5-25A4-4C5B-87DB-E3A5EB6EBE5F}.Release|Any CPU.Build.0 = Release|Any CPU
		{457C5819-B379-45B3-906A-F8DC5F4F6275}.Debug|Any CPU.ActiveCfg = Debug|Any CPU
		{457C5819-B379-45B3-906A-F8DC5F4F6275}.Debug|Any CPU.Build.0 = Debug|Any CPU
		{457C5819-B379-45B3-906A-F8DC5F4F6275}.Release|Any CPU.ActiveCfg = Release|Any CPU
		{457C5819-B379-45B3-906A-F8DC5F4F6275}.Release|Any CPU.Build.0 = Release|Any CPU
		{EDB9125B-F88B-400B-BD6F-34A16530D343}.Debug|Any CPU.ActiveCfg = Debug|Any CPU
		{EDB9125B-F88B-400B-BD6F-34A16530D343}.Debug|Any CPU.Build.0 = Debug|Any CPU
		{EDB9125B-F88B-400B-BD6F-34A16530D343}.Release|Any CPU.ActiveCfg = Release|Any CPU
		{EDB9125B-F88B-400B-BD6F-34A16530D343}.Release|Any CPU.Build.0 = Release|Any CPU
		{BB0D20C3-7E3B-4D15-9078-5C6DD64E6BF7}.Debug|Any CPU.ActiveCfg = Debug|Any CPU
		{BB0D20C3-7E3B-4D15-9078-5C6DD64E6BF7}.Debug|Any CPU.Build.0 = Debug|Any CPU
		{BB0D20C3-7E3B-4D15-9078-5C6DD64E6BF7}.Release|Any CPU.ActiveCfg = Release|Any CPU
		{BB0D20C3-7E3B-4D15-9078-5C6DD64E6BF7}.Release|Any CPU.Build.0 = Release|Any CPU
	EndGlobalSection
	GlobalSection(SolutionProperties) = preSolution
		HideSolutionNode = FALSE
	EndGlobalSection
	GlobalSection(NestedProjects) = preSolution
		{01AF204A-4501-4FE0-9BC4-56660DECE8C2} = {25367893-164B-4FCF-8983-2F54C33FC584}
		{C07EF12E-4A5E-4A2E-9686-AEAAEFE0A0FF} = {25367893-164B-4FCF-8983-2F54C33FC584}
		{E9DDB427-B5F4-4F4E-A7E6-88A15E66EA9D} = {25367893-164B-4FCF-8983-2F54C33FC584}
		{ABAAE423-81C8-4DC3-A824-7105BFE3B372} = {25367893-164B-4FCF-8983-2F54C33FC584}
		{81498C3E-42E5-46A2-91A3-9FC54080E18E} = {C07EF12E-4A5E-4A2E-9686-AEAAEFE0A0FF}
		{B7C7DD49-C895-48D1-8AC3-2E06EC2C466F} = {C07EF12E-4A5E-4A2E-9686-AEAAEFE0A0FF}
		{F36D4A6E-A537-4CBA-BCCA-C9B25FA0A528} = {E9DDB427-B5F4-4F4E-A7E6-88A15E66EA9D}
		{DD930B93-FB5A-40EA-BC75-B153EADF1C10} = {E9DDB427-B5F4-4F4E-A7E6-88A15E66EA9D}
		{371A76B5-25A4-4C5B-87DB-E3A5EB6EBE5F} = {01AF204A-4501-4FE0-9BC4-56660DECE8C2}
		{457C5819-B379-45B3-906A-F8DC5F4F6275} = {88AB0309-53A4-442D-BEB3-B7C894B53BE0}
		{EDB9125B-F88B-400B-BD6F-34A16530D343} = {ABAAE423-81C8-4DC3-A824-7105BFE3B372}
		{BB0D20C3-7E3B-4D15-9078-5C6DD64E6BF7} = {E9DDB427-B5F4-4F4E-A7E6-88A15E66EA9D}
	EndGlobalSection
	GlobalSection(ExtensibilityGlobals) = postSolution
		SolutionGuid = {B4C3F692-C084-40D8-A9F1-9B057A2DC3C2}
	EndGlobalSection
EndGlobal
